# This file is automatically @generated by Cargo.
# It is not intended for manual editing.
version = 3

[[package]]
name = "hex"
version = "0.4.3"
source = "registry+https://github.com/rust-lang/crates.io-index"
checksum = "7f24254aa9a54b5c858eaee2f5bccdb46aaf0e486a595ed5fd8f86ba55232a70"

[[package]]
name = "hmac-sha256"
version = "1.1.7"
source = "registry+https://github.com/rust-lang/crates.io-index"
checksum = "3688e69b38018fec1557254f64c8dc2cc8ec502890182f395dbb0aa997aa5735"

[[package]]
name = "merkle-tree"
version = "0.1.0"
dependencies = [
 "hex",
 "hmac-sha256",
]
